# THIS IS AN AUTOGENERATED FILE. DO NOT EDIT THIS FILE DIRECTLY.
# yarn lockfile v1


"@faker-js/faker@^8.0.2":
  version "8.4.1"
  resolved "https://registry.yarnpkg.com/@faker-js/faker/-/faker-8.4.1.tgz#5d5e8aee8fce48f5e189bf730ebd1f758f491451"
  integrity sha512-XQ3cU+Q8Uqmrbf2e0cIC/QN43sTBSC8KF12u29Mb47tWrt2hAgBXSgpZMj4Ao8Uk0iJcU99QsOCaIL8934obCg==

"@playwright/test@^1.53.2":
  version "1.53.2"
  resolved "https://registry.yarnpkg.com/@playwright/test/-/test-1.53.2.tgz#fafb8dd5e109fc238c4580f82bebc2618f929f77"
  integrity sha512-tEB2U5z74ebBeyfGNZ3Jfg29AnW+5HlWhvHtb/Mqco9pFdZU1ZLNdVb2UtB5CvmiilNr2ZfVH/qMmAROG/XTzw==
  dependencies:
    playwright "1.53.2"

"@types/node@^18.20.0":
  version "25.0.9"
  resolved "https://registry.yarnpkg.com/@types/node/-/node-25.0.9.tgz#81ce3579ddf67cae812a9d49c8a0ab90c82e7782"
  integrity sha512-/rpCXHlCWeqClNBwUhDcusJxXYDjZTyE8v5oTO7WbL8eij2nKhUeU89/6xgjU7N4/Vh3He0BtyhJdQbDyhiXAw==
  dependencies:
    undici-types "~7.16.0"

fsevents@2.3.2:
  version "2.3.2"
  resolved "https://registry.yarnpkg.com/fsevents/-/fsevents-2.3.2.tgz#8a526f78b8fdf4623b709e0b975c52c24c02fd1a"
  integrity sha512-xiqMQR4xAeHTuB9uWm+fFRcIOgKBMiOBP+eXiyT7jsgVCq1bkVygt00oASowB7EdtpOHaaPgKt812P9ab+DDKA==

playwright-core@1.53.2:
  version "1.53.2"
  resolved "https://registry.yarnpkg.com/playwright-core/-/playwright-core-1.53.2.tgz#78f71e2f727713daa8d360dc11c460022c13cf91"
  integrity sha512-ox/OytMy+2w1jcYEYlOo1Hhp8hZkLCximMTUTMBXjGUA1KoFfiSZ+DU+3a739jsPY0yoKH2TFy9S2fsJas8yAw==

playwright@1.53.2:
  version "1.53.2"
  resolved "https://registry.yarnpkg.com/playwright/-/playwright-1.53.2.tgz#cc2ef4a22da1ae562e0ed91edb9e22a7c4371305"
  integrity sha512-6K/qQxVFuVQhRQhFsVZ9fGeatxirtrpPgxzBYWyZLEXJzqYwuL4fuNmfOfD5et1tJE4GScKyPNeLhZeRwuTU3A==
  dependencies:
    playwright-core "1.53.2"
  optionalDependencies:
    fsevents "2.3.2"

undici-types@~7.16.0:
  version "7.16.0"
  resolved "https://registry.yarnpkg.com/undici-types/-/undici-types-7.16.0.tgz#ffccdff36aea4884cbfce9a750a0580224f58a46"
  integrity sha512-Zz+aZWSj8LE6zoxD+xrjh4VfkIG8Ya6LvYkZqtUQGJPZjYl53ypCaUwWqo7eI0x66KBGeRo+mlBEkMSeSZ38Nw==
